
Microsoft Visual Studio Solution File, Format Version 12.00
# Visual Studio Version 16
VisualStudioVersion = 16.0.30204.135
MinimumVisualStudioVersion = 10.0.40219.1
Project("{8BC9CEB8-8B4A-11D0-8D11-00A0C91BC942}") = "Search1", "Practical8\Practical8.vcxproj", "{4A0D80C9-5D48-4BEB-BED5-0AEF5FD9E433}"
EndProject
Project("{8BC9CEB8-8B4A-11D0-8D11-00A0C91BC942}") = "Search2", "Search2\Search2.vcxproj", "{C96A6EB6-67BB-4D95-8E09-92BAF64C99BD}"
EndProject
Project("{8BC9CEB8-8B4A-11D0-8D11-00A0C91BC942}") = "Search3", "Search3\Search3.vcxproj", "{80D467A5-DF7B-41F0-A54D-3DA87F10B1FF}"
EndProject
Global
	GlobalSection(SolutionConfigurationPlatforms) = preSolution
		Debug|x64 = Debug|x64
		Debug|x86 = Debug|x86
		Release|x64 = Release|x64
		Release|x86 = Release|x86
	EndGlobalSection
	GlobalSection(ProjectConfigurationPlatforms) = postSolution
		{4A0D80C9-5D48-4BEB-BED5-0AEF5FD9E433}.Debug|x64.ActiveCfg = Debug|x64
		{4A0D80C9-5D48-4BEB-BED5-0AEF5FD9E433}.Debug|x64.Build.0 = Debug|x64
		{4A0D80C9-5D48-4BEB-BED5-0AEF5FD9E433}.Debug|x86.ActiveCfg = Debug|Win32
		{4A0D80C9-5D48-4BEB-BED5-0AEF5FD9E433}.Debug|x86.Build.0 = Debug|Win32
		{4A0D80C9-5D48-4BEB-BED5-0AEF5FD9E433}.Release|x64.ActiveCfg = Release|x64
		{4A0D80C9-5D48-4BEB-BED5-0AEF5FD9E433}.Release|x64.Build.0 = Release|x64
		{4A0D80C9-5D48-4BEB-BED5-0AEF5FD9E433}.Release|x86.ActiveCfg = Release|Win32
		{4A0D80C9-5D48-4BEB-BED5-0AEF5FD9E433}.Release|x86.Build.0 = Release|Win32
		{C96A6EB6-67BB-4D95-8E09-92BAF64C99BD}.Debug|x64.ActiveCfg = Debug|x64
		{C96A6EB6-67BB-4D95-8E09-92BAF64C99BD}.Debug|x64.Build.0 = Debug|x64
		{C96A6EB6-67BB-4D95-8E09-92BAF64C99BD}.Debug|x86.ActiveCfg = Debug|Win32
		{C96A6EB6-67BB-4D95-8E09-92BAF64C99BD}.Debug|x86.Build.0 = Debug|Win32
		{C96A6EB6-67BB-4D95-8E09-92BAF64C99BD}.Release|x64.ActiveCfg = Release|x64
		{C96A6EB6-67BB-4D95-8E09-92BAF64C99BD}.Release|x64.Build.0 = Release|x64
		{C96A6EB6-67BB-4D95-8E09-92BAF64C99BD}.Release|x86.ActiveCfg = Release|Win32
		{C96A6EB6-67BB-4D95-8E09-92BAF64C99BD}.Release|x86.Build.0 = Release|Win32
		{80D467A5-DF7B-41F0-A54D-3DA87F10B1FF}.Debug|x64.ActiveCfg = Debug|x64
		{80D467A5-DF7B-41F0-A54D-3DA87F10B1FF}.Debug|x64.Build.0 = Debug|x64
		{80D467A5-DF7B-41F0-A54D-3DA87F10B1FF}.Debug|x86.ActiveCfg = Debug|Win32
		{80D467A5-DF7B-41F0-A54D-3DA87F10B1FF}.Debug|x86.Build.0 = Debug|Win32
		{80D467A5-DF7B-41F0-A54D-3DA87F10B1FF}.Release|x64.ActiveCfg = Release|x64
		{80D467A5-DF7B-41F0-A54D-3DA87F10B1FF}.Release|x64.Build.0 = Release|x64
		{80D467A5-DF7B-41F0-A54D-3DA87F10B1FF}.Release|x86.ActiveCfg = Release|Win32
		{80D467A5-DF7B-41F0-A54D-3DA87F10B1FF}.Release|x86.Build.0 = Release|Win32
	EndGlobalSection
	GlobalSection(SolutionProperties) = preSolution
		HideSolutionNode = FALSE
	EndGlobalSection
	GlobalSection(ExtensibilityGlobals) = postSolution
		SolutionGuid = {8586A77A-113F-4E79-A6BC-C94B017F6167}
	EndGlobalSection
EndGlobal
